
Microsoft Visual Studio Solution File, Format Version 12.00
# TcXaeShell Solution File, Format Version 11.00
VisualStudioVersion = 17.10.35827.194
MinimumVisualStudioVersion = 10.0.40219.1
Project("{B1E792BE-AA5F-4E3C-8C82-674BF9C0715B}") = "TwinCAT_AutomationPortfolio", "TwinCAT_AutomationPortfolio\TwinCAT_AutomationPortfolio.tsproj", "{E4A0DC2F-8B20-4B3B-8C1E-C33EA849F260}"
EndProject
Project("{FE7A1B72-C5B7-4D7C-BB7D-76384D4DE8E1}") = "ConveyorHMI", "ConveyorHMI\ConveyorHMI.hmiproj", "{F5180376-5990-49FF-BF29-9081793AF7A4}"
EndProject
Global
	GlobalSection(SolutionConfigurationPlatforms) = preSolution
		Debug|TwinCAT HMI = Debug|TwinCAT HMI
		Debug|TwinCAT OS (ARMV7-A) = Debug|TwinCAT OS (ARMV7-A)
		Debug|TwinCAT OS (ARMV7-M) = Debug|TwinCAT OS (ARMV7-M)
		Debug|TwinCAT OS (ARMV8-A) = Debug|TwinCAT OS (ARMV8-A)
		Debug|TwinCAT OS (x64) = Debug|TwinCAT OS (x64)
		Debug|TwinCAT OS (x64-E) = Debug|TwinCAT OS (x64-E)
		Debug|TwinCAT RT (x64) = Debug|TwinCAT RT (x64)
		Debug|TwinCAT RT (x86) = Debug|TwinCAT RT (x86)
		Release|TwinCAT HMI = Release|TwinCAT HMI
		Release|TwinCAT OS (ARMV7-A) = Release|TwinCAT OS (ARMV7-A)
		Release|TwinCAT OS (ARMV7-M) = Release|TwinCAT OS (ARMV7-M)
		Release|TwinCAT OS (ARMV8-A) = Release|TwinCAT OS (ARMV8-A)
		Release|TwinCAT OS (x64) = Release|TwinCAT OS (x64)
		Release|TwinCAT OS (x64-E) = Release|TwinCAT OS (x64-E)
		Release|TwinCAT RT (x64) = Release|TwinCAT RT (x64)
		Release|TwinCAT RT (x86) = Release|TwinCAT RT (x86)
	EndGlobalSection
	GlobalSection(ProjectConfigurationPlatforms) = postSolution
		{E4A0DC2F-8B20-4B3B-8C1E-C33EA849F260}.Debug|TwinCAT HMI.ActiveCfg = Debug|TwinCAT RT (x86)
		{E4A0DC2F-8B20-4B3B-8C1E-C33EA849F260}.Debug|TwinCAT HMI.Build.0 = Debug|TwinCAT RT (x86)
		{E4A0DC2F-8B20-4B3B-8C1E-C33EA849F260}.Debug|TwinCAT OS (ARMV7-A).ActiveCfg = Debug|TwinCAT OS (ARMV7-A)
		{E4A0DC2F-8B20-4B3B-8C1E-C33EA849F260}.Debug|TwinCAT OS (ARMV7-A).Build.0 = Debug|TwinCAT OS (ARMV7-A)
		{E4A0DC2F-8B20-4B3B-8C1E-C33EA849F260}.Debug|TwinCAT OS (ARMV7-M).ActiveCfg = Debug|TwinCAT OS (ARMV7-M)
		{E4A0DC2F-8B20-4B3B-8C1E-C33EA849F260}.Debug|TwinCAT OS (ARMV7-M).Build.0 = Debug|TwinCAT OS (ARMV7-M)
		{E4A0DC2F-8B20-4B3B-8C1E-C33EA849F260}.Debug|TwinCAT OS (ARMV8-A).ActiveCfg = Debug|TwinCAT OS (ARMV8-A)
		{E4A0DC2F-8B20-4B3B-8C1E-C33EA849F260}.Debug|TwinCAT OS (ARMV8-A).Build.0 = Debug|TwinCAT OS (ARMV8-A)
		{E4A0DC2F-8B20-4B3B-8C1E-C33EA849F260}.Debug|TwinCAT OS (x64).ActiveCfg = Debug|TwinCAT OS (x64)
		{E4A0DC2F-8B20-4B3B-8C1E-C33EA849F260}.Debug|TwinCAT OS (x64).Build.0 = Debug|TwinCAT OS (x64)
		{E4A0DC2F-8B20-4B3B-8C1E-C33EA849F260}.Debug|TwinCAT OS (x64-E).ActiveCfg = Debug|TwinCAT OS (x64-E)
		{E4A0DC2F-8B20-4B3B-8C1E-C33EA849F260}.Debug|TwinCAT OS (x64-E).Build.0 = Debug|TwinCAT OS (x64-E)
		{E4A0DC2F-8B20-4B3B-8C1E-C33EA849F260}.Debug|TwinCAT RT (x64).ActiveCfg = Debug|TwinCAT RT (x64)
		{E4A0DC2F-8B20-4B3B-8C1E-C33EA849F260}.Debug|TwinCAT RT (x64).Build.0 = Debug|TwinCAT RT (x64)
		{E4A0DC2F-8B20-4B3B-8C1E-C33EA849F260}.Debug|TwinCAT RT (x86).ActiveCfg = Debug|TwinCAT RT (x86)
		{E4A0DC2F-8B20-4B3B-8C1E-C33EA849F260}.Debug|TwinCAT RT (x86).Build.0 = Debug|TwinCAT RT (x86)
		{E4A0DC2F-8B20-4B3B-8C1E-C33EA849F260}.Release|TwinCAT HMI.ActiveCfg = Release|TwinCAT RT (x86)
		{E4A0DC2F-8B20-4B3B-8C1E-C33EA849F260}.Release|TwinCAT HMI.Build.0 = Release|TwinCAT RT (x86)
		{E4A0DC2F-8B20-4B3B-8C1E-C33EA849F260}.Release|TwinCAT OS (ARMV7-A).ActiveCfg = Release|TwinCAT OS (ARMV7-A)
		{E4A0DC2F-8B20-4B3B-8C1E-C33EA849F260}.Release|TwinCAT OS (ARMV7-A).Build.0 = Release|TwinCAT OS (ARMV7-A)
		{E4A0DC2F-8B20-4B3B-8C1E-C33EA849F260}.Release|TwinCAT OS (ARMV7-M).ActiveCfg = Release|TwinCAT OS (ARMV7-M)
		{E4A0DC2F-8B20-4B3B-8C1E-C33EA849F260}.Release|TwinCAT OS (ARMV7-M).Build.0 = Release|TwinCAT OS (ARMV7-M)
		{E4A0DC2F-8B20-4B3B-8C1E-C33EA849F260}.Release|TwinCAT OS (ARMV8-A).ActiveCfg = Release|TwinCAT OS (ARMV8-A)
		{E4A0DC2F-8B20-4B3B-8C1E-C33EA849F260}.Release|TwinCAT OS (ARMV8-A).Build.0 = Release|TwinCAT OS (ARMV8-A)
		{E4A0DC2F-8B20-4B3B-8C1E-C33EA849F260}.Release|TwinCAT OS (x64).ActiveCfg = Release|TwinCAT OS (x64)
		{E4A0DC2F-8B20-4B3B-8C1E-C33EA849F260}.Release|TwinCAT OS (x64).Build.0 = Release|TwinCAT OS (x64)
		{E4A0DC2F-8B20-4B3B-8C1E-C33EA849F260}.Release|TwinCAT OS (x64-E).ActiveCfg = Release|TwinCAT OS (x64-E)
		{E4A0DC2F-8B20-4B3B-8C1E-C33EA849F260}.Release|TwinCAT OS (x64-E).Build.0 = Release|TwinCAT OS (x64-E)
		{E4A0DC2F-8B20-4B3B-8C1E-C33EA849F260}.Release|TwinCAT RT (x64).ActiveCfg = Release|TwinCAT RT (x64)
		{E4A0DC2F-8B20-4B3B-8C1E-C33EA849F260}.Release|TwinCAT RT (x64).Build.0 = Release|TwinCAT RT (x64)
		{E4A0DC2F-8B20-4B3B-8C1E-C33EA849F260}.Release|TwinCAT RT (x86).ActiveCfg = Release|TwinCAT RT (x86)
		{E4A0DC2F-8B20-4B3B-8C1E-C33EA849F260}.Release|TwinCAT RT (x86).Build.0 = Release|TwinCAT RT (x86)
		{BF0A9C03-0D6A-4323-88D9-F564593C41F4}.Debug|TwinCAT HMI.ActiveCfg = Debug|TwinCAT RT (x86)
		{BF0A9C03-0D6A-4323-88D9-F564593C41F4}.Debug|TwinCAT HMI.Build.0 = Debug|TwinCAT RT (x86)
		{BF0A9C03-0D6A-4323-88D9-F564593C41F4}.Debug|TwinCAT OS (ARMV7-A).ActiveCfg = Debug|TwinCAT OS (ARMV7-A)
		{BF0A9C03-0D6A-4323-88D9-F564593C41F4}.Debug|TwinCAT OS (ARMV7-A).Build.0 = Debug|TwinCAT OS (ARMV7-A)
		{BF0A9C03-0D6A-4323-88D9-F564593C41F4}.Debug|TwinCAT OS (ARMV7-M).ActiveCfg = Debug|TwinCAT OS (ARMV7-M)
		{BF0A9C03-0D6A-4323-88D9-F564593C41F4}.Debug|TwinCAT OS (ARMV7-M).Build.0 = Debug|TwinCAT OS (ARMV7-M)
		{BF0A9C03-0D6A-4323-88D9-F564593C41F4}.Debug|TwinCAT OS (ARMV8-A).ActiveCfg = Debug|TwinCAT OS (ARMV8-A)
		{BF0A9C03-0D6A-4323-88D9-F564593C41F4}.Debug|TwinCAT OS (ARMV8-A).Build.0 = Debug|TwinCAT OS (ARMV8-A)
		{BF0A9C03-0D6A-4323-88D9-F564593C41F4}.Debug|TwinCAT OS (x64).ActiveCfg = Debug|TwinCAT OS (x64)
		{BF0A9C03-0D6A-4323-88D9-F564593C41F4}.Debug|TwinCAT OS (x64).Build.0 = Debug|TwinCAT OS (x64)
		{BF0A9C03-0D6A-4323-88D9-F564593C41F4}.Debug|TwinCAT OS (x64-E).ActiveCfg = Debug|TwinCAT OS (x64-E)
		{BF0A9C03-0D6A-4323-88D9-F564593C41F4}.Debug|TwinCAT OS (x64-E).Build.0 = Debug|TwinCAT OS (x64-E)
		{BF0A9C03-0D6A-4323-88D9-F564593C41F4}.Debug|TwinCAT RT (x64).ActiveCfg = Debug|TwinCAT RT (x64)
		{BF0A9C03-0D6A-4323-88D9-F564593C41F4}.Debug|TwinCAT RT (x64).Build.0 = Debug|TwinCAT RT (x64)
		{BF0A9C03-0D6A-4323-88D9-F564593C41F4}.Debug|TwinCAT RT (x86).ActiveCfg = Debug|TwinCAT RT (x86)
		{BF0A9C03-0D6A-4323-88D9-F564593C41F4}.Debug|TwinCAT RT (x86).Build.0 = Debug|TwinCAT RT (x86)
		{BF0A9C03-0D6A-4323-88D9-F564593C41F4}.Release|TwinCAT HMI.ActiveCfg = Release|TwinCAT RT (x86)
		{BF0A9C03-0D6A-4323-88D9-F564593C41F4}.Release|TwinCAT HMI.Build.0 = Release|TwinCAT RT (x86)
		{BF0A9C03-0D6A-4323-88D9-F564593C41F4}.Release|TwinCAT OS (ARMV7-A).ActiveCfg = Release|TwinCAT OS (ARMV7-A)
		{BF0A9C03-0D6A-4323-88D9-F564593C41F4}.Release|TwinCAT OS (ARMV7-A).Build.0 = Release|TwinCAT OS (ARMV7-A)
		{BF0A9C03-0D6A-4323-88D9-F564593C41F4}.Release|TwinCAT OS (ARMV7-M).ActiveCfg = Release|TwinCAT OS (ARMV7-M)
		{BF0A9C03-0D6A-4323-88D9-F564593C41F4}.Release|TwinCAT OS (ARMV7-M).Build.0 = Release|TwinCAT OS (ARMV7-M)
		{BF0A9C03-0D6A-4323-88D9-F564593C41F4}.Release|TwinCAT OS (ARMV8-A).ActiveCfg = Release|TwinCAT OS (ARMV8-A)
		{BF0A9C03-0D6A-4323-88D9-F564593C41F4}.Release|TwinCAT OS (ARMV8-A).Build.0 = Release|TwinCAT OS (ARMV8-A)
		{BF0A9C03-0D6A-4323-88D9-F564593C41F4}.Release|TwinCAT OS (x64).ActiveCfg = Release|TwinCAT OS (x64)
		{BF0A9C03-0D6A-4323-88D9-F564593C41F4}.Release|TwinCAT OS (x64).Build.0 = Release|TwinCAT OS (x64)
		{BF0A9C03-0D6A-4323-88D9-F564593C41F4}.Release|TwinCAT OS (x64-E).ActiveCfg = Release|TwinCAT OS (x64-E)
		{BF0A9C03-0D6A-4323-88D9-F564593C41F4}.Release|TwinCAT OS (x64-E).Build.0 = Release|TwinCAT OS (x64-E)
		{BF0A9C03-0D6A-4323-88D9-F564593C41F4}.Release|TwinCAT RT (x64).ActiveCfg = Release|TwinCAT RT (x64)
		{BF0A9C03-0D6A-4323-88D9-F564593C41F4}.Release|TwinCAT RT (x64).Build.0 = Release|TwinCAT RT (x64)
		{BF0A9C03-0D6A-4323-88D9-F564593C41F4}.Release|TwinCAT RT (x86).ActiveCfg = Release|TwinCAT RT (x86)
		{BF0A9C03-0D6A-4323-88D9-F564593C41F4}.Release|TwinCAT RT (x86).Build.0 = Release|TwinCAT RT (x86)
		{F5180376-5990-49FF-BF29-9081793AF7A4}.Debug|TwinCAT HMI.ActiveCfg = Debug|TwinCAT HMI
		{F5180376-5990-49FF-BF29-9081793AF7A4}.Debug|TwinCAT HMI.Build.0 = Debug|TwinCAT HMI
		{F5180376-5990-49FF-BF29-9081793AF7A4}.Debug|TwinCAT OS (ARMV7-A).ActiveCfg = Debug|TwinCAT HMI
		{F5180376-5990-49FF-BF29-9081793AF7A4}.Debug|TwinCAT OS (ARMV7-A).Build.0 = Debug|TwinCAT HMI
		{F5180376-5990-49FF-BF29-9081793AF7A4}.Debug|TwinCAT OS (ARMV7-M).ActiveCfg = Debug|TwinCAT HMI
		{F5180376-5990-49FF-BF29-9081793AF7A4}.Debug|TwinCAT OS (ARMV7-M).Build.0 = Debug|TwinCAT HMI
		{F5180376-5990-49FF-BF29-9081793AF7A4}.Debug|TwinCAT OS (ARMV8-A).ActiveCfg = Debug|TwinCAT HMI
		{F5180376-5990-49FF-BF29-9081793AF7A4}.Debug|TwinCAT OS (ARMV8-A).Build.0 = Debug|TwinCAT HMI
		{F5180376-5990-49FF-BF29-9081793AF7A4}.Debug|TwinCAT OS (x64).ActiveCfg = Debug|TwinCAT HMI
		{F5180376-5990-49FF-BF29-9081793AF7A4}.Debug|TwinCAT OS (x64).Build.0 = Debug|TwinCAT HMI
		{F5180376-5990-49FF-BF29-9081793AF7A4}.Debug|TwinCAT OS (x64-E).ActiveCfg = Debug|TwinCAT HMI
		{F5180376-5990-49FF-BF29-9081793AF7A4}.Debug|TwinCAT OS (x64-E).Build.0 = Debug|TwinCAT HMI
		{F5180376-5990-49FF-BF29-9081793AF7A4}.Debug|TwinCAT RT (x64).ActiveCfg = Debug|TwinCAT HMI
		{F5180376-5990-49FF-BF29-9081793AF7A4}.Debug|TwinCAT RT (x64).Build.0 = Debug|TwinCAT HMI
		{F5180376-5990-49FF-BF29-9081793AF7A4}.Debug|TwinCAT RT (x86).ActiveCfg = Debug|TwinCAT HMI
		{F5180376-5990-49FF-BF29-9081793AF7A4}.Debug|TwinCAT RT (x86).Build.0 = Debug|TwinCAT HMI
		{F5180376-5990-49FF-BF29-9081793AF7A4}.Release|TwinCAT HMI.ActiveCfg = Release|TwinCAT HMI
		{F5180376-5990-49FF-BF29-9081793AF7A4}.Release|TwinCAT HMI.Build.0 = Release|TwinCAT HMI
		{F5180376-5990-49FF-BF29-9081793AF7A4}.Release|TwinCAT OS (ARMV7-A).ActiveCfg = Release|TwinCAT HMI
		{F5180376-5990-49FF-BF29-9081793AF7A4}.Release|TwinCAT OS (ARMV7-A).Build.0 = Release|TwinCAT HMI
		{F5180376-5990-49FF-BF29-9081793AF7A4}.Release|TwinCAT OS (ARMV7-M).ActiveCfg = Release|TwinCAT HMI
		{F5180376-5990-49FF-BF29-9081793AF7A4}.Release|TwinCAT OS (ARMV7-M).Build.0 = Release|TwinCAT HMI
		{F5180376-5990-49FF-BF29-9081793AF7A4}.Release|TwinCAT OS (ARMV8-A).ActiveCfg = Release|TwinCAT HMI
		{F5180376-5990-49FF-BF29-9081793AF7A4}.Release|TwinCAT OS (ARMV8-A).Build.0 = Release|TwinCAT HMI
		{F5180376-5990-49FF-BF29-9081793AF7A4}.Release|TwinCAT OS (x64).ActiveCfg = Release|TwinCAT HMI
		{F5180376-5990-49FF-BF29-9081793AF7A4}.Release|TwinCAT OS (x64).Build.0 = Release|TwinCAT HMI
		{F5180376-5990-49FF-BF29-9081793AF7A4}.Release|TwinCAT OS (x64-E).ActiveCfg = Release|TwinCAT HMI
		{F5180376-5990-49FF-BF29-9081793AF7A4}.Release|TwinCAT OS (x64-E).Build.0 = Release|TwinCAT HMI
		{F5180376-5990-49FF-BF29-9081793AF7A4}.Release|TwinCAT RT (x64).ActiveCfg = Release|TwinCAT HMI
		{F5180376-5990-49FF-BF29-9081793AF7A4}.Release|TwinCAT RT (x64).Build.0 = Release|TwinCAT HMI
		{F5180376-5990-49FF-BF29-9081793AF7A4}.Release|TwinCAT RT (x86).ActiveCfg = Release|TwinCAT HMI
		{F5180376-5990-49FF-BF29-9081793AF7A4}.Release|TwinCAT RT (x86).Build.0 = Release|TwinCAT HMI
	EndGlobalSection
	GlobalSection(SolutionProperties) = preSolution
		HideSolutionNode = FALSE
	EndGlobalSection
	GlobalSection(ExtensibilityGlobals) = postSolution
		SolutionGuid = {483A1AEF-8DA0-4BBE-891D-70F637CF805A}
	EndGlobalSection
EndGlobal
